Microsoft Visual Studio Solution File, Format Version 12.00
# Visual Studio 15
VisualStudioVersion = 15.0.27703.2047
MinimumVisualStudioVersion = 10.0.40219.1
Project("{FAE04EC0-301F-11D3-BF4B-00C04F79EFBC}") = "XamarinPOC.Android", "XamarinPOC.Android\XamarinPOC.Android.csproj", "{476194DB-2199-41CC-B65D-C17B9BB9BB90}"
EndProject
Project("{FAE04EC0-301F-11D3-BF4B-00C04F79EFBC}") = "XamarinPOC.iOS", "XamarinPOC.iOS\XamarinPOC.iOS.csproj", "{0B59CFE1-ABA0-4B53-8A0D-EC6DEC7EF88D}"
EndProject
Project("{9A19103F-16F7-4668-BE54-9A1E7A4F7556}") = "XamarinPOC", "XamarinPOC\XamarinPOC.csproj", "{FA2816C4-09E0-4760-B0B1-B5597A0C9BEE}"
EndProject
Global
	GlobalSection(SolutionConfigurationPlatforms) = preSolution
		Ad-Hoc|Any CPU = Ad-Hoc|Any CPU
		Ad-Hoc|iPhone = Ad-Hoc|iPhone
		Ad-Hoc|iPhoneSimulator = Ad-Hoc|iPhoneSimulator
		AppStore|Any CPU = AppStore|Any CPU
		AppStore|iPhone = AppStore|iPhone
		AppStore|iPhoneSimulator = AppStore|iPhoneSimulator
		Debug|Any CPU = Debug|Any CPU
		Debug|iPhone = Debug|iPhone
		Debug|iPhoneSimulator = Debug|iPhoneSimulator
		Release|Any CPU = Release|Any CPU
		Release|iPhone = Release|iPhone
		Release|iPhoneSimulator = Release|iPhoneSimulator
	EndGlobalSection
	GlobalSection(ProjectConfigurationPlatforms) = postSolution
		{476194DB-2199-41CC-B65D-C17B9BB9BB90}.Ad-Hoc|Any CPU.ActiveCfg = Release|Any CPU
		{476194DB-2199-41CC-B65D-C17B9BB9BB90}.Ad-Hoc|Any CPU.Build.0 = Release|Any CPU
		{476194DB-2199-41CC-B65D-C17B9BB9BB90}.Ad-Hoc|Any CPU.Deploy.0 = Release|Any CPU
		{476194DB-2199-41CC-B65D-C17B9BB9BB90}.Ad-Hoc|iPhone.ActiveCfg = Debug|Any CPU
		{476194DB-2199-41CC-B65D-C17B9BB9BB90}.Ad-Hoc|iPhone.Build.0 = Debug|Any CPU
		{476194DB-2199-41CC-B65D-C17B9BB9BB90}.Ad-Hoc|iPhoneSimulator.ActiveCfg = Release|Any CPU
		{476194DB-2199-41CC-B65D-C17B9BB9BB90}.Ad-Hoc|iPhoneSimulator.Build.0 = Release|Any CPU
		{476194DB-2199-41CC-B65D-C17B9BB9BB90}.Ad-Hoc|iPhoneSimulator.Deploy.0 = Release|Any CPU
		{476194DB-2199-41CC-B65D-C17B9BB9BB90}.AppStore|Any CPU.ActiveCfg = Release|Any CPU
		{476194DB-2199-41CC-B65D-C17B9BB9BB90}.AppStore|Any CPU.Build.0 = Release|Any CPU
		{476194DB-2199-41CC-B65D-C17B9BB9BB90}.AppStore|Any CPU.Deploy.0 = Release|Any CPU
		{476194DB-2199-41CC-B65D-C17B9BB9BB90}.AppStore|iPhone.ActiveCfg = Debug|Any CPU
		{476194DB-2199-41CC-B65D-C17B9BB9BB90}.AppStore|iPhone.Build.0 = Debug|Any CPU
		{476194DB-2199-41CC-B65D-C17B9BB9BB90}.AppStore|iPhoneSimulator.ActiveCfg = Release|Any CPU
		{476194DB-2199-41CC-B65D-C17B9BB9BB90}.AppStore|iPhoneSimulator.Build.0 = Release|Any CPU
		{476194DB-2199-41CC-B65D-C17B9BB9BB90}.AppStore|iPhoneSimulator.Deploy.0 = Release|Any CPU
		{476194DB-2199-41CC-B65D-C17B9BB9BB90}.Debug|Any CPU.ActiveCfg = Debug|Any CPU
		{476194DB-2199-41CC-B65D-C17B9BB9BB90}.Debug|Any CPU.Build.0 = Debug|Any CPU
		{476194DB-2199-41CC-B65D-C17B9BB9BB90}.Debug|Any CPU.Deploy.0 = Debug|Any CPU
		{476194DB-2199-41CC-B65D-C17B9BB9BB90}.Debug|iPhone.ActiveCfg = Debug|Any CPU
		{476194DB-2199-41CC-B65D-C17B9BB9BB90}.Debug|iPhone.Build.0 = Debug|Any CPU
		{476194DB-2199-41CC-B65D-C17B9BB9BB90}.Debug|iPhoneSimulator.ActiveCfg = Debug|Any CPU
		{476194DB-2199-41CC-B65D-C17B9BB9BB90}.Debug|iPhoneSimulator.Build.0 = Debug|Any CPU
		{476194DB-2199-41CC-B65D-C17B9BB9BB90}.Release|Any CPU.ActiveCfg = Release|Any CPU
		{476194DB-2199-41CC-B65D-C17B9BB9BB90}.Release|Any CPU.Build.0 = Release|Any CPU
		{476194DB-2199-41CC-B65D-C17B9BB9BB90}.Release|Any CPU.Deploy.0 = Release|Any CPU
		{476194DB-2199-41CC-B65D-C17B9BB9BB90}.Release|iPhone.ActiveCfg = Release|Any CPU
		{476194DB-2199-41CC-B65D-C17B9BB9BB90}.Release|iPhone.Build.0 = Release|Any CPU
		{476194DB-2199-41CC-B65D-C17B9BB9BB90}.Release|iPhoneSimulator.ActiveCfg = Release|Any CPU
		{476194DB-2199-41CC-B65D-C17B9BB9BB90}.Release|iPhoneSimulator.Build.0 = Release|Any CPU
		{0B59CFE1-ABA0-4B53-8A0D-EC6DEC7EF88D}.Ad-Hoc|Any CPU.ActiveCfg = Ad-Hoc|iPhoneSimulator
		{0B59CFE1-ABA0-4B53-8A0D-EC6DEC7EF88D}.Ad-Hoc|iPhone.ActiveCfg = Ad-Hoc|iPhone
		{0B59CFE1-ABA0-4B53-8A0D-EC6DEC7EF88D}.Ad-Hoc|iPhone.Build.0 = Ad-Hoc|iPhone
		{0B59CFE1-ABA0-4B53-8A0D-EC6DEC7EF88D}.Ad-Hoc|iPhoneSimulator.ActiveCfg = Ad-Hoc|iPhoneSimulator
		{0B59CFE1-ABA0-4B53-8A0D-EC6DEC7EF88D}.Ad-Hoc|iPhoneSimulator.Build.0 = Ad-Hoc|iPhoneSimulator
		{0B59CFE1-ABA0-4B53-8A0D-EC6DEC7EF88D}.AppStore|Any CPU.ActiveCfg = AppStore|iPhoneSimulator
		{0B59CFE1-ABA0-4B53-8A0D-EC6DEC7EF88D}.AppStore|iPhone.ActiveCfg = AppStore|iPhone
		{0B59CFE1-ABA0-4B53-8A0D-EC6DEC7EF88D}.AppStore|iPhone.Build.0 = AppStore|iPhone
		{0B59CFE1-ABA0-4B53-8A0D-EC6DEC7EF88D}.AppStore|iPhoneSimulator.ActiveCfg = AppStore|iPhoneSimulator
		{0B59CFE1-ABA0-4B53-8A0D-EC6DEC7EF88D}.AppStore|iPhoneSimulator.Build.0 = AppStore|iPhoneSimulator
		{0B59CFE1-ABA0-4B53-8A0D-EC6DEC7EF88D}.Debug|Any CPU.ActiveCfg = Debug|iPhoneSimulator
		{0B59CFE1-ABA0-4B53-8A0D-EC6DEC7EF88D}.Debug|Any CPU.Build.0 = Debug|iPhoneSimulator
		{0B59CFE1-ABA0-4B53-8A0D-EC6DEC7EF88D}.Debug|iPhone.ActiveCfg = Debug|iPhone
		{0B59CFE1-ABA0-4B53-8A0D-EC6DEC7EF88D}.Debug|iPhone.Build.0 = Debug|iPhone
		{0B59CFE1-ABA0-4B53-8A0D-EC6DEC7EF88D}.Debug|iPhoneSimulator.ActiveCfg = Debug|iPhoneSimulator
		{0B59CFE1-ABA0-4B53-8A0D-EC6DEC7EF88D}.Debug|iPhoneSimulator.Build.0 = Debug|iPhoneSimulator
		{0B59CFE1-ABA0-4B53-8A0D-EC6DEC7EF88D}.Release|Any CPU.ActiveCfg = Release|iPhoneSimulator
		{0B59CFE1-ABA0-4B53-8A0D-EC6DEC7EF88D}.Release|Any CPU.Build.0 = Release|iPhoneSimulator
		{0B59CFE1-ABA0-4B53-8A0D-EC6DEC7EF88D}.Release|iPhone.ActiveCfg = Release|iPhone
		{0B59CFE1-ABA0-4B53-8A0D-EC6DEC7EF88D}.Release|iPhone.Build.0 = Release|iPhone
		{0B59CFE1-ABA0-4B53-8A0D-EC6DEC7EF88D}.Release|iPhoneSimulator.ActiveCfg = Release|iPhoneSimulator
		{0B59CFE1-ABA0-4B53-8A0D-EC6DEC7EF88D}.Release|iPhoneSimulator.Build.0 = Release|iPhoneSimulator
		{FA2816C4-09E0-4760-B0B1-B5597A0C9BEE}.Ad-Hoc|Any CPU.ActiveCfg = Release|Any CPU
		{FA2816C4-09E0-4760-B0B1-B5597A0C9BEE}.Ad-Hoc|Any CPU.Build.0 = Release|Any CPU
		{FA2816C4-09E0-4760-B0B1-B5597A0C9BEE}.Ad-Hoc|iPhone.ActiveCfg = Debug|Any CPU
		{FA2816C4-09E0-4760-B0B1-B5597A0C9BEE}.Ad-Hoc|iPhone.Build.0 = Debug|Any CPU
		{FA2816C4-09E0-4760-B0B1-B5597A0C9BEE}.Ad-Hoc|iPhoneSimulator.ActiveCfg = Release|Any CPU
		{FA2816C4-09E0-4760-B0B1-B5597A0C9BEE}.Ad-Hoc|iPhoneSimulator.Build.0 = Release|Any CPU
		{FA2816C4-09E0-4760-B0B1-B5597A0C9BEE}.AppStore|Any CPU.ActiveCfg = Release|Any CPU
		{FA2816C4-09E0-4760-B0B1-B5597A0C9BEE}.AppStore|Any CPU.Build.0 = Release|Any CPU
		{FA2816C4-09E0-4760-B0B1-B5597A0C9BEE}.AppStore|iPhone.ActiveCfg = Debug|Any CPU
		{FA2816C4-09E0-4760-B0B1-B5597A0C9BEE}.AppStore|iPhone.Build.0 = Debug|Any CPU
		{FA2816C4-09E0-4760-B0B1-B5597A0C9BEE}.AppStore|iPhoneSimulator.ActiveCfg = Release|Any CPU
		{FA2816C4-09E0-4760-B0B1-B5597A0C9BEE}.AppStore|iPhoneSimulator.Build.0 = Release|Any CPU
		{FA2816C4-09E0-4760-B0B1-B5597A0C9BEE}.Debug|Any CPU.ActiveCfg = Debug|Any CPU
		{FA2816C4-09E0-4760-B0B1-B5597A0C9BEE}.Debug|Any CPU.Build.0 = Debug|Any CPU
		{FA2816C4-09E0-4760-B0B1-B5597A0C9BEE}.Debug|iPhone.ActiveCfg = Debug|Any CPU
		{FA2816C4-09E0-4760-B0B1-B5597A0C9BEE}.Debug|iPhone.Build.0 = Debug|Any CPU
		{FA2816C4-09E0-4760-B0B1-B5597A0C9BEE}.Debug|iPhoneSimulator.ActiveCfg = Debug|Any CPU
		{FA2816C4-09E0-4760-B0B1-B5597A0C9BEE}.Debug|iPhoneSimulator.Build.0 = Debug|Any CPU
		{FA2816C4-09E0-4760-B0B1-B5597A0C9BEE}.Release|Any CPU.ActiveCfg = Release|Any CPU
		{FA2816C4-09E0-4760-B0B1-B5597A0C9BEE}.Release|Any CPU.Build.0 = Release|Any CPU
		{FA2816C4-09E0-4760-B0B1-B5597A0C9BEE}.Release|iPhone.ActiveCfg = Release|Any CPU
		{FA2816C4-09E0-4760-B0B1-B5597A0C9BEE}.Release|iPhone.Build.0 = Release|Any CPU
		{FA2816C4-09E0-4760-B0B1-B5597A0C9BEE}.Release|iPhoneSimulator.ActiveCfg = Release|Any CPU
		{FA2816C4-09E0-4760-B0B1-B5597A0C9BEE}.Release|iPhoneSimulator.Build.0 = Release|Any CPU
	EndGlobalSection
	GlobalSection(SolutionProperties) = preSolution
		HideSolutionNode = FALSE
	EndGlobalSection
	GlobalSection(ExtensibilityGlobals) = postSolution
		SolutionGuid = {4160F440-BB9F-41EA-8CEC-868F4B3220E3}
	EndGlobalSection
EndGlobal
